// !$*UTF8*$!
{
	archiveVersion = 1;
	classes = {
	};
	objectVersion = 55;
	objects = {

/* Begin PBXBuildFile section */
		BD07A9A726F4DE1000F7BAD0 /* LearnSettings.swift in Sources */ = {isa = PBXBuildFile; fileRef = BD07A9A626F4DE1000F7BAD0 /* LearnSettings.swift */; };
		BD07A9A926F62C4B00F7BAD0 /* Continents.swift in Sources */ = {isa = PBXBuildFile; fileRef = BD07A9A826F62C4B00F7BAD0 /* Continents.swift */; };
		BD07A9AB26F63E5200F7BAD0 /* QuestionStyleView.swift in Sources */ = {isa = PBXBuildFile; fileRef = BD07A9AA26F63E5200F7BAD0 /* QuestionStyleView.swift */; };
		BD07A9AD26F7364000F7BAD0 /* FlagToNameStyle.swift in Sources */ = {isa = PBXBuildFile; fileRef = BD07A9AC26F7364000F7BAD0 /* FlagToNameStyle.swift */; };
		BD07A9B126F738A800F7BAD0 /* NameToFlagStyle.swift in Sources */ = {isa = PBXBuildFile; fileRef = BD07A9B026F738A800F7BAD0 /* NameToFlagStyle.swift */; };
		BD07A9B426F7BCC200F7BAD0 /* ContinentsFilterView.swift in Sources */ = {isa = PBXBuildFile; fileRef = BD07A9B326F7BCC200F7BAD0 /* ContinentsFilterView.swift */; };
		BD086AE2273EE80700C7AA35 /* CameraPicker.swift in Sources */ = {isa = PBXBuildFile; fileRef = BD086AE1273EE80700C7AA35 /* CameraPicker.swift */; };
		BD10FECD27160D2400E9AB79 /* ChartView.swift in Sources */ = {isa = PBXBuildFile; fileRef = BD10FECC27160D2400E9AB79 /* ChartView.swift */; };
		BD10FECF27172F2E00E9AB79 /* BorderedButtonToggleStyle.swift in Sources */ = {isa = PBXBuildFile; fileRef = BD10FECE27172F2E00E9AB79 /* BorderedButtonToggleStyle.swift */; };
		BD10FED12717591500E9AB79 /* SavedProgress.swift in Sources */ = {isa = PBXBuildFile; fileRef = BD10FED02717591500E9AB79 /* SavedProgress.swift */; };
		BD10FED32719544200E9AB79 /* LineChartShape.swift in Sources */ = {isa = PBXBuildFile; fileRef = BD10FED22719544200E9AB79 /* LineChartShape.swift */; };
		BD1AB90226E3A30B00C38D33 /* Bundle+DecodeJSON.swift in Sources */ = {isa = PBXBuildFile; fileRef = BD1AB90126E3A30B00C38D33 /* Bundle+DecodeJSON.swift */; };
		BD1AB90426E3A61C00C38D33 /* LearnView.swift in Sources */ = {isa = PBXBuildFile; fileRef = BD1AB90326E3A61C00C38D33 /* LearnView.swift */; };
		BD2169A12708DC980041BE71 /* AnswerOptionButtonStyle.swift in Sources */ = {isa = PBXBuildFile; fileRef = BD2169A02708DC980041BE71 /* AnswerOptionButtonStyle.swift */; };
		BD2169A32708E2D20041BE71 /* LearnProgress.swift in Sources */ = {isa = PBXBuildFile; fileRef = BD2169A22708E2D20041BE71 /* LearnProgress.swift */; };
		BD2169A52709C8F70041BE71 /* LearnQuestionsView.swift in Sources */ = {isa = PBXBuildFile; fileRef = BD2169A42709C8F70041BE71 /* LearnQuestionsView.swift */; };
		BD221CBE27516B94000CF063 /* RoundedCornerRectangle.swift in Sources */ = {isa = PBXBuildFile; fileRef = BD221CBD27516B94000CF063 /* RoundedCornerRectangle.swift */; };
		BD25B3DE27038661006D157E /* Image+Checkmarks.swift in Sources */ = {isa = PBXBuildFile; fileRef = BD25B3DD27038661006D157E /* Image+Checkmarks.swift */; };
		BD25B3E027039048006D157E /* FlagToNameQuestionView.swift in Sources */ = {isa = PBXBuildFile; fileRef = BD25B3DF27039048006D157E /* FlagToNameQuestionView.swift */; };
		BD25B3E2270875E3006D157E /* Comparable+Clamp.swift in Sources */ = {isa = PBXBuildFile; fileRef = BD25B3E1270875E3006D157E /* Comparable+Clamp.swift */; };
		BD3871572753A99D00690BB2 /* FlagClassifier.mlmodel in Sources */ = {isa = PBXBuildFile; fileRef = BD3871562753A99D00690BB2 /* FlagClassifier.mlmodel */; };
		BD3D196926E5165F00400886 /* Coordinate+Decodable.swift in Sources */ = {isa = PBXBuildFile; fileRef = BD3D196826E5165F00400886 /* Coordinate+Decodable.swift */; };
		BD3D196B26E51E3300400886 /* CountryView.swift in Sources */ = {isa = PBXBuildFile; fileRef = BD3D196A26E51E3300400886 /* CountryView.swift */; };
		BD46D68726E7D8CB0073FCF2 /* ListRowButtonStyle.swift in Sources */ = {isa = PBXBuildFile; fileRef = BD46D68626E7D8CB0073FCF2 /* ListRowButtonStyle.swift */; };
		BD4A2D25275D2897008B2165 /* FlagsMapOverlayButtons.swift in Sources */ = {isa = PBXBuildFile; fileRef = BD4A2D24275D2897008B2165 /* FlagsMapOverlayButtons.swift */; };
		BD4A2D27275D28AF008B2165 /* MapType.swift in Sources */ = {isa = PBXBuildFile; fileRef = BD4A2D26275D28AF008B2165 /* MapType.swift */; };
		BD54C3FB27651D460067F79D /* ClassificiationError.swift in Sources */ = {isa = PBXBuildFile; fileRef = BD54C3FA27651D460067F79D /* ClassificiationError.swift */; };
		BD54C3FD2765FCA00067F79D /* ClassificationImagePreview.swift in Sources */ = {isa = PBXBuildFile; fileRef = BD54C3FC2765FCA00067F79D /* ClassificationImagePreview.swift */; };
		BD54C3FF2765FEA30067F79D /* FlagImageClassifier.swift in Sources */ = {isa = PBXBuildFile; fileRef = BD54C3FE2765FEA30067F79D /* FlagImageClassifier.swift */; };
		BD54C40127661D640067F79D /* ImageComparisonView.swift in Sources */ = {isa = PBXBuildFile; fileRef = BD54C40027661D640067F79D /* ImageComparisonView.swift */; };
		BD54C403276620870067F79D /* View+AspectRatioOptions.swift in Sources */ = {isa = PBXBuildFile; fileRef = BD54C402276620870067F79D /* View+AspectRatioOptions.swift */; };
		BD58C0082700BF710002407C /* OtherSettingsView.swift in Sources */ = {isa = PBXBuildFile; fileRef = BD58C0072700BF710002407C /* OtherSettingsView.swift */; };
		BD58C00A2700DDCE0002407C /* TimerView.swift in Sources */ = {isa = PBXBuildFile; fileRef = BD58C0092700DDCE0002407C /* TimerView.swift */; };
		BD5A210626D8FABA0025CCF3 /* FlagzillaApp.swift in Sources */ = {isa = PBXBuildFile; fileRef = BD5A210526D8FABA0025CCF3 /* FlagzillaApp.swift */; };
		BD5A210826D8FABA0025CCF3 /* ContentView.swift in Sources */ = {isa = PBXBuildFile; fileRef = BD5A210726D8FABA0025CCF3 /* ContentView.swift */; };
		BD5A210D26D8FABB0025CCF3 /* Preview Assets.xcassets in Resources */ = {isa = PBXBuildFile; fileRef = BD5A210C26D8FABB0025CCF3 /* Preview Assets.xcassets */; };
		BD5B97A427419D1F0022484A /* CountdownTimerFormatStyle.swift in Sources */ = {isa = PBXBuildFile; fileRef = BD5B97A327419D1F0022484A /* CountdownTimerFormatStyle.swift */; };
		BD5E285F271B478F0004D32E /* FlowLayoutView.swift in Sources */ = {isa = PBXBuildFile; fileRef = BD5E285E271B478F0004D32E /* FlowLayoutView.swift */; };
		BD62FC0426DE13C10058EEE6 /* FlagView.swift in Sources */ = {isa = PBXBuildFile; fileRef = BD62FC0326DE13C10058EEE6 /* FlagView.swift */; };
		BD6EDA7B270CAA3C00E36998 /* LearnQuestionsSummary.swift in Sources */ = {isa = PBXBuildFile; fileRef = BD6EDA7A270CAA3C00E36998 /* LearnQuestionsSummary.swift */; };
		BD6EDA7D270CD15E00E36998 /* NameToFlagQuestionView.swift in Sources */ = {isa = PBXBuildFile; fileRef = BD6EDA7C270CD15E00E36998 /* NameToFlagQuestionView.swift */; };
		BD7B196526DB8449004F3643 /* MapView.swift in Sources */ = {isa = PBXBuildFile; fileRef = BD7B196426DB8449004F3643 /* MapView.swift */; };
		BD7B196726DD4F92004F3643 /* FlagsGridView.swift in Sources */ = {isa = PBXBuildFile; fileRef = BD7B196626DD4F92004F3643 /* FlagsGridView.swift */; };
		BD97F8D9273DA9DB00EDA6E1 /* PhotoPicker.swift in Sources */ = {isa = PBXBuildFile; fileRef = BD97F8D8273DA9DB00EDA6E1 /* PhotoPicker.swift */; };
		BD994F542755641900DC9419 /* FlagDelegate.swift in Sources */ = {isa = PBXBuildFile; fileRef = BD994F532755641900DC9419 /* FlagDelegate.swift */; };
		BD994F562756B36E00DC9419 /* CloseButton.swift in Sources */ = {isa = PBXBuildFile; fileRef = BD994F552756B36E00DC9419 /* CloseButton.swift */; };
		BD994F582757572100DC9419 /* AsyncFlagImage.swift in Sources */ = {isa = PBXBuildFile; fileRef = BD994F572757572100DC9419 /* AsyncFlagImage.swift */; };
		BD9CE41626EE72FA00BEA927 /* View+SizeChange.swift in Sources */ = {isa = PBXBuildFile; fileRef = BD9CE41526EE72FA00BEA927 /* View+SizeChange.swift */; };
		BD9CE41826EE735200BEA927 /* FlagAnnotation.swift in Sources */ = {isa = PBXBuildFile; fileRef = BD9CE41726EE735200BEA927 /* FlagAnnotation.swift */; };
		BD9CE41A26EE786300BEA927 /* FlagAnnotationView.swift in Sources */ = {isa = PBXBuildFile; fileRef = BD9CE41926EE786300BEA927 /* FlagAnnotationView.swift */; };
		BD9CE41C26EE789000BEA927 /* FlagClusterAnnotationView.swift in Sources */ = {isa = PBXBuildFile; fileRef = BD9CE41B26EE789000BEA927 /* FlagClusterAnnotationView.swift */; };
		BD9CE41E26EE78BD00BEA927 /* FlagsMapView.swift in Sources */ = {isa = PBXBuildFile; fileRef = BD9CE41D26EE78BD00BEA927 /* FlagsMapView.swift */; };
		BDAC7AC4270B746C00EFE49D /* Question.swift in Sources */ = {isa = PBXBuildFile; fileRef = BDAC7AC3270B746C00EFE49D /* Question.swift */; };
		BDB29C44273C3D5E0093092A /* QuestionSummaryList.swift in Sources */ = {isa = PBXBuildFile; fileRef = BDB29C43273C3D5E0093092A /* QuestionSummaryList.swift */; };
		BDC36614275922F1000754C4 /* DataPoint.swift in Sources */ = {isa = PBXBuildFile; fileRef = BDC36613275922F1000754C4 /* DataPoint.swift */; };
		BDC3661627592319000754C4 /* View+ForegroundStyleDisabled.swift in Sources */ = {isa = PBXBuildFile; fileRef = BDC3661527592319000754C4 /* View+ForegroundStyleDisabled.swift */; };
		BDC36618275924A3000754C4 /* View+RedactedCondition.swift in Sources */ = {isa = PBXBuildFile; fileRef = BDC36617275924A3000754C4 /* View+RedactedCondition.swift */; };
		BDC3661A275A8060000754C4 /* LearnQuestionsToolbar.swift in Sources */ = {isa = PBXBuildFile; fileRef = BDC36619275A8060000754C4 /* LearnQuestionsToolbar.swift */; };
		BDC3661C275AA800000754C4 /* Collection+RandomSample.swift in Sources */ = {isa = PBXBuildFile; fileRef = BDC3661B275AA800000754C4 /* Collection+RandomSample.swift */; };
		BDC3661E275B6C15000754C4 /* TrimmedProgressCircle.swift in Sources */ = {isa = PBXBuildFile; fileRef = BDC3661D275B6C15000754C4 /* TrimmedProgressCircle.swift */; };
		BDC36620275BD119000754C4 /* CoordinateFormatStyle.swift in Sources */ = {isa = PBXBuildFile; fileRef = BDC3661F275BD119000754C4 /* CoordinateFormatStyle.swift */; };
		BDCE689C270ECD55004D414A /* QuestionsSummarySegmentedControl.swift in Sources */ = {isa = PBXBuildFile; fileRef = BDCE689B270ECD55004D414A /* QuestionsSummarySegmentedControl.swift */; };
		BDCF63C826D93BBA00E4E4E6 /* Country.swift in Sources */ = {isa = PBXBuildFile; fileRef = BDCF63C726D93BBA00E4E4E6 /* Country.swift */; };
		BDCF63CA26DA6BD000E4E4E6 /* countries.json in Resources */ = {isa = PBXBuildFile; fileRef = BDCF63C926DA6BD000E4E4E6 /* countries.json */; };
		BDE3CF202711F1F200067105 /* QuestionSummaryCategory.swift in Sources */ = {isa = PBXBuildFile; fileRef = BDE3CF1F2711F1F200067105 /* QuestionSummaryCategory.swift */; };
		BDE3CF222712116400067105 /* Tab.swift in Sources */ = {isa = PBXBuildFile; fileRef = BDE3CF212712116400067105 /* Tab.swift */; };
		BDE3CF242715F76100067105 /* Assets.xcassets in Resources */ = {isa = PBXBuildFile; fileRef = BD5A210926D8FABB0025CCF3 /* Assets.xcassets */; };
		BDEAE3A026ECF65B00A77183 /* FlagClassifierView.swift in Sources */ = {isa = PBXBuildFile; fileRef = BDEAE39F26ECF65B00A77183 /* FlagClassifierView.swift */; };
		BDF43C8C26EE43AF00D21B9F /* Localizable.stringsdict in Resources */ = {isa = PBXBuildFile; fileRef = BDF43C8E26EE43AF00D21B9F /* Localizable.stringsdict */; };
		BDF43C9026EE479400D21B9F /* FlagGridItem.swift in Sources */ = {isa = PBXBuildFile; fileRef = BDF43C8F26EE479400D21B9F /* FlagGridItem.swift */; };
		BDF43C9226EE55B800D21B9F /* ShapeStyle+Background.swift in Sources */ = {isa = PBXBuildFile; fileRef = BDF43C9126EE55B800D21B9F /* ShapeStyle+Background.swift */; };
		BDF43C9426EE629900D21B9F /* InformationRowView.swift in Sources */ = {isa = PBXBuildFile; fileRef = BDF43C9326EE629900D21B9F /* InformationRowView.swift */; };
/* End PBXBuildFile section */

/* Begin PBXFileReference section */
		BD07A9A626F4DE1000F7BAD0 /* LearnSettings.swift */ = {isa = PBXFileReference; lastKnownFileType = sourcecode.swift; path = LearnSettings.swift; sourceTree = "<group>"; };
		BD07A9A826F62C4B00F7BAD0 /* Continents.swift */ = {isa = PBXFileReference; lastKnownFileType = sourcecode.swift; path = Continents.swift; sourceTree = "<group>"; };
		BD07A9AA26F63E5200F7BAD0 /* QuestionStyleView.swift */ = {isa = PBXFileReference; lastKnownFileType = sourcecode.swift; path = QuestionStyleView.swift; sourceTree = "<group>"; };
		BD07A9AC26F7364000F7BAD0 /* FlagToNameStyle.swift */ = {isa = PBXFileReference; lastKnownFileType = sourcecode.swift; path = FlagToNameStyle.swift; sourceTree = "<group>"; };
		BD07A9B026F738A800F7BAD0 /* NameToFlagStyle.swift */ = {isa = PBXFileReference; lastKnownFileType = sourcecode.swift; path = NameToFlagStyle.swift; sourceTree = "<group>"; };
		BD07A9B326F7BCC200F7BAD0 /* ContinentsFilterView.swift */ = {isa = PBXFileReference; lastKnownFileType = sourcecode.swift; path = ContinentsFilterView.swift; sourceTree = "<group>"; };
		BD086AE1273EE80700C7AA35 /* CameraPicker.swift */ = {isa = PBXFileReference; lastKnownFileType = sourcecode.swift; path = CameraPicker.swift; sourceTree = "<group>"; };
		BD10FECC27160D2400E9AB79 /* ChartView.swift */ = {isa = PBXFileReference; lastKnownFileType = sourcecode.swift; path = ChartView.swift; sourceTree = "<group>"; };
		BD10FECE27172F2E00E9AB79 /* BorderedButtonToggleStyle.swift */ = {isa = PBXFileReference; lastKnownFileType = sourcecode.swift; path = BorderedButtonToggleStyle.swift; sourceTree = "<group>"; };
		BD10FED02717591500E9AB79 /* SavedProgress.swift */ = {isa = PBXFileReference; lastKnownFileType = sourcecode.swift; path = SavedProgress.swift; sourceTree = "<group>"; };
		BD10FED22719544200E9AB79 /* LineChartShape.swift */ = {isa = PBXFileReference; lastKnownFileType = sourcecode.swift; path = LineChartShape.swift; sourceTree = "<group>"; };
		BD1AB90126E3A30B00C38D33 /* Bundle+DecodeJSON.swift */ = {isa = PBXFileReference; fileEncoding = 4; lastKnownFileType = sourcecode.swift; path = "Bundle+DecodeJSON.swift"; sourceTree = "<group>"; };
		BD1AB90326E3A61C00C38D33 /* LearnView.swift */ = {isa = PBXFileReference; lastKnownFileType = sourcecode.swift; path = LearnView.swift; sourceTree = "<group>"; };
		BD2169A02708DC980041BE71 /* AnswerOptionButtonStyle.swift */ = {isa = PBXFileReference; lastKnownFileType = sourcecode.swift; path = AnswerOptionButtonStyle.swift; sourceTree = "<group>"; };
		BD2169A22708E2D20041BE71 /* LearnProgress.swift */ = {isa = PBXFileReference; lastKnownFileType = sourcecode.swift; path = LearnProgress.swift; sourceTree = "<group>"; };
		BD2169A42709C8F70041BE71 /* LearnQuestionsView.swift */ = {isa = PBXFileReference; lastKnownFileType = sourcecode.swift; path = LearnQuestionsView.swift; sourceTree = "<group>"; };
		BD221CBD27516B94000CF063 /* RoundedCornerRectangle.swift */ = {isa = PBXFileReference; lastKnownFileType = sourcecode.swift; path = RoundedCornerRectangle.swift; sourceTree = "<group>"; };
		BD25B3DD27038661006D157E /* Image+Checkmarks.swift */ = {isa = PBXFileReference; lastKnownFileType = sourcecode.swift; path = "Image+Checkmarks.swift"; sourceTree = "<group>"; };
		BD25B3DF27039048006D157E /* FlagToNameQuestionView.swift */ = {isa = PBXFileReference; lastKnownFileType = sourcecode.swift; path = FlagToNameQuestionView.swift; sourceTree = "<group>"; };
		BD25B3E1270875E3006D157E /* Comparable+Clamp.swift */ = {isa = PBXFileReference; lastKnownFileType = sourcecode.swift; path = "Comparable+Clamp.swift"; sourceTree = "<group>"; };
		BD3871562753A99D00690BB2 /* FlagClassifier.mlmodel */ = {isa = PBXFileReference; lastKnownFileType = file.mlmodel; path = FlagClassifier.mlmodel; sourceTree = "<group>"; };
		BD3D196826E5165F00400886 /* Coordinate+Decodable.swift */ = {isa = PBXFileReference; lastKnownFileType = sourcecode.swift; path = "Coordinate+Decodable.swift"; sourceTree = "<group>"; };
		BD3D196A26E51E3300400886 /* CountryView.swift */ = {isa = PBXFileReference; lastKnownFileType = sourcecode.swift; path = CountryView.swift; sourceTree = "<group>"; };
		BD46D68626E7D8CB0073FCF2 /* ListRowButtonStyle.swift */ = {isa = PBXFileReference; lastKnownFileType = sourcecode.swift; path = ListRowButtonStyle.swift; sourceTree = "<group>"; };
		BD4A2D24275D2897008B2165 /* FlagsMapOverlayButtons.swift */ = {isa = PBXFileReference; lastKnownFileType = sourcecode.swift; path = FlagsMapOverlayButtons.swift; sourceTree = "<group>"; };
		BD4A2D26275D28AF008B2165 /* MapType.swift */ = {isa = PBXFileReference; lastKnownFileType = sourcecode.swift; path = MapType.swift; sourceTree = "<group>"; };
		BD54C3FA27651D460067F79D /* ClassificiationError.swift */ = {isa = PBXFileReference; lastKnownFileType = sourcecode.swift; path = ClassificiationError.swift; sourceTree = "<group>"; };
		BD54C3FC2765FCA00067F79D /* ClassificationImagePreview.swift */ = {isa = PBXFileReference; lastKnownFileType = sourcecode.swift; path = ClassificationImagePreview.swift; sourceTree = "<group>"; };
		BD54C3FE2765FEA30067F79D /* FlagImageClassifier.swift */ = {isa = PBXFileReference; lastKnownFileType = sourcecode.swift; path = FlagImageClassifier.swift; sourceTree = "<group>"; };
		BD54C40027661D640067F79D /* ImageComparisonView.swift */ = {isa = PBXFileReference; lastKnownFileType = sourcecode.swift; path = ImageComparisonView.swift; sourceTree = "<group>"; };
		BD54C402276620870067F79D /* View+AspectRatioOptions.swift */ = {isa = PBXFileReference; lastKnownFileType = sourcecode.swift; path = "View+AspectRatioOptions.swift"; sourceTree = "<group>"; };
		BD58C0072700BF710002407C /* OtherSettingsView.swift */ = {isa = PBXFileReference; lastKnownFileType = sourcecode.swift; path = OtherSettingsView.swift; sourceTree = "<group>"; };
		BD58C0092700DDCE0002407C /* TimerView.swift */ = {isa = PBXFileReference; lastKnownFileType = sourcecode.swift; path = TimerView.swift; sourceTree = "<group>"; };
		BD5A210226D8FABA0025CCF3 /* Flagzilla.app */ = {isa = PBXFileReference; explicitFileType = wrapper.application; includeInIndex = 0; path = Flagzilla.app; sourceTree = BUILT_PRODUCTS_DIR; };
		BD5A210526D8FABA0025CCF3 /* FlagzillaApp.swift */ = {isa = PBXFileReference; lastKnownFileType = sourcecode.swift; path = FlagzillaApp.swift; sourceTree = "<group>"; };
		BD5A210726D8FABA0025CCF3 /* ContentView.swift */ = {isa = PBXFileReference; lastKnownFileType = sourcecode.swift; path = ContentView.swift; sourceTree = "<group>"; };
		BD5A210926D8FABB0025CCF3 /* Assets.xcassets */ = {isa = PBXFileReference; lastKnownFileType = folder.assetcatalog; path = Assets.xcassets; sourceTree = "<group>"; };
		BD5A210C26D8FABB0025CCF3 /* Preview Assets.xcassets */ = {isa = PBXFileReference; lastKnownFileType = folder.assetcatalog; path = "Preview Assets.xcassets"; sourceTree = "<group>"; };
		BD5B97A327419D1F0022484A /* CountdownTimerFormatStyle.swift */ = {isa = PBXFileReference; lastKnownFileType = sourcecode.swift; path = CountdownTimerFormatStyle.swift; sourceTree = "<group>"; };
		BD5E285E271B478F0004D32E /* FlowLayoutView.swift */ = {isa = PBXFileReference; lastKnownFileType = sourcecode.swift; path = FlowLayoutView.swift; sourceTree = "<group>"; };
		BD62FC0326DE13C10058EEE6 /* FlagView.swift */ = {isa = PBXFileReference; lastKnownFileType = sourcecode.swift; path = FlagView.swift; sourceTree = "<group>"; };
		BD6EDA7A270CAA3C00E36998 /* LearnQuestionsSummary.swift */ = {isa = PBXFileReference; lastKnownFileType = sourcecode.swift; path = LearnQuestionsSummary.swift; sourceTree = "<group>"; };
		BD6EDA7C270CD15E00E36998 /* NameToFlagQuestionView.swift */ = {isa = PBXFileReference; lastKnownFileType = sourcecode.swift; path = NameToFlagQuestionView.swift; sourceTree = "<group>"; };
		BD7B196426DB8449004F3643 /* MapView.swift */ = {isa = PBXFileReference; lastKnownFileType = sourcecode.swift; path = MapView.swift; sourceTree = "<group>"; };
		BD7B196626DD4F92004F3643 /* FlagsGridView.swift */ = {isa = PBXFileReference; lastKnownFileType = sourcecode.swift; path = FlagsGridView.swift; sourceTree = "<group>"; };
		BD97F8D8273DA9DB00EDA6E1 /* PhotoPicker.swift */ = {isa = PBXFileReference; lastKnownFileType = sourcecode.swift; path = PhotoPicker.swift; sourceTree = "<group>"; };
		BD994F532755641900DC9419 /* FlagDelegate.swift */ = {isa = PBXFileReference; lastKnownFileType = sourcecode.swift; path = FlagDelegate.swift; sourceTree = "<group>"; };
		BD994F552756B36E00DC9419 /* CloseButton.swift */ = {isa = PBXFileReference; lastKnownFileType = sourcecode.swift; path = CloseButton.swift; sourceTree = "<group>"; };
		BD994F572757572100DC9419 /* AsyncFlagImage.swift */ = {isa = PBXFileReference; lastKnownFileType = sourcecode.swift; path = AsyncFlagImage.swift; sourceTree = "<group>"; };
		BD9CE41526EE72FA00BEA927 /* View+SizeChange.swift */ = {isa = PBXFileReference; lastKnownFileType = sourcecode.swift; path = "View+SizeChange.swift"; sourceTree = "<group>"; };
		BD9CE41726EE735200BEA927 /* FlagAnnotation.swift */ = {isa = PBXFileReference; lastKnownFileType = sourcecode.swift; path = FlagAnnotation.swift; sourceTree = "<group>"; };
		BD9CE41926EE786300BEA927 /* FlagAnnotationView.swift */ = {isa = PBXFileReference; lastKnownFileType = sourcecode.swift; path = FlagAnnotationView.swift; sourceTree = "<group>"; };
		BD9CE41B26EE789000BEA927 /* FlagClusterAnnotationView.swift */ = {isa = PBXFileReference; lastKnownFileType = sourcecode.swift; path = FlagClusterAnnotationView.swift; sourceTree = "<group>"; };
		BD9CE41D26EE78BD00BEA927 /* FlagsMapView.swift */ = {isa = PBXFileReference; lastKnownFileType = sourcecode.swift; path = FlagsMapView.swift; sourceTree = "<group>"; };
		BDAC7AC3270B746C00EFE49D /* Question.swift */ = {isa = PBXFileReference; lastKnownFileType = sourcecode.swift; path = Question.swift; sourceTree = "<group>"; };
		BDB29C43273C3D5E0093092A /* QuestionSummaryList.swift */ = {isa = PBXFileReference; lastKnownFileType = sourcecode.swift; path = QuestionSummaryList.swift; sourceTree = "<group>"; };
		BDC36613275922F1000754C4 /* DataPoint.swift */ = {isa = PBXFileReference; lastKnownFileType = sourcecode.swift; path = DataPoint.swift; sourceTree = "<group>"; };
		BDC3661527592319000754C4 /* View+ForegroundStyleDisabled.swift */ = {isa = PBXFileReference; lastKnownFileType = sourcecode.swift; path = "View+ForegroundStyleDisabled.swift"; sourceTree = "<group>"; };
		BDC36617275924A3000754C4 /* View+RedactedCondition.swift */ = {isa = PBXFileReference; lastKnownFileType = sourcecode.swift; path = "View+RedactedCondition.swift"; sourceTree = "<group>"; };
		BDC36619275A8060000754C4 /* LearnQuestionsToolbar.swift */ = {isa = PBXFileReference; lastKnownFileType = sourcecode.swift; path = LearnQuestionsToolbar.swift; sourceTree = "<group>"; };
		BDC3661B275AA800000754C4 /* Collection+RandomSample.swift */ = {isa = PBXFileReference; lastKnownFileType = sourcecode.swift; path = "Collection+RandomSample.swift"; sourceTree = "<group>"; };
		BDC3661D275B6C15000754C4 /* TrimmedProgressCircle.swift */ = {isa = PBXFileReference; lastKnownFileType = sourcecode.swift; path = TrimmedProgressCircle.swift; sourceTree = "<group>"; };
		BDC3661F275BD119000754C4 /* CoordinateFormatStyle.swift */ = {isa = PBXFileReference; lastKnownFileType = sourcecode.swift; path = CoordinateFormatStyle.swift; sourceTree = "<group>"; };
		BDCE689B270ECD55004D414A /* QuestionsSummarySegmentedControl.swift */ = {isa = PBXFileReference; lastKnownFileType = sourcecode.swift; path = QuestionsSummarySegmentedControl.swift; sourceTree = "<group>"; };
		BDCF63C726D93BBA00E4E4E6 /* Country.swift */ = {isa = PBXFileReference; lastKnownFileType = sourcecode.swift; path = Country.swift; sourceTree = "<group>"; };
		BDCF63C926DA6BD000E4E4E6 /* countries.json */ = {isa = PBXFileReference; fileEncoding = 4; lastKnownFileType = text.json; path = countries.json; sourceTree = "<group>"; };
		BDE3CF1F2711F1F200067105 /* QuestionSummaryCategory.swift */ = {isa = PBXFileReference; lastKnownFileType = sourcecode.swift; path = QuestionSummaryCategory.swift; sourceTree = "<group>"; };
		BDE3CF212712116400067105 /* Tab.swift */ = {isa = PBXFileReference; lastKnownFileType = sourcecode.swift; path = Tab.swift; sourceTree = "<group>"; };
		BDEAE39F26ECF65B00A77183 /* FlagClassifierView.swift */ = {isa = PBXFileReference; lastKnownFileType = sourcecode.swift; path = FlagClassifierView.swift; sourceTree = "<group>"; };
		BDF43C8D26EE43AF00D21B9F /* en */ = {isa = PBXFileReference; lastKnownFileType = text.plist.stringsdict; name = en; path = en.lproj/Localizable.stringsdict; sourceTree = "<group>"; };
		BDF43C8F26EE479400D21B9F /* FlagGridItem.swift */ = {isa = PBXFileReference; lastKnownFileType = sourcecode.swift; path = FlagGridItem.swift; sourceTree = "<group>"; };
		BDF43C9126EE55B800D21B9F /* ShapeStyle+Background.swift */ = {isa = PBXFileReference; lastKnownFileType = sourcecode.swift; path = "ShapeStyle+Background.swift"; sourceTree = "<group>"; };
		BDF43C9326EE629900D21B9F /* InformationRowView.swift */ = {isa = PBXFileReference; lastKnownFileType = sourcecode.swift; path = InformationRowView.swift; sourceTree = "<group>"; };
		BDF43C9626EE64BB00D21B9F /* Info.plist */ = {isa = PBXFileReference; fileEncoding = 4; lastKnownFileType = text.plist.xml; path = Info.plist; sourceTree = "<group>"; };
/* End PBXFileReference section */

/* Begin PBXFrameworksBuildPhase section */
		BD5A20FF26D8FABA0025CCF3 /* Frameworks */ = {
			isa = PBXFrameworksBuildPhase;
			buildActionMask = 2147483647;
			files = (
			);
			runOnlyForDeploymentPostprocessing = 0;
		};
/* End PBXFrameworksBuildPhase section */

/* Begin PBXGroup section */
		BD07A9B226F7B6F600F7BAD0 /* Classifier */ = {
			isa = PBXGroup;
			children = (
				BDEAE39F26ECF65B00A77183 /* FlagClassifierView.swift */,
				BD54C3FC2765FCA00067F79D /* ClassificationImagePreview.swift */,
				BD54C40027661D640067F79D /* ImageComparisonView.swift */,
				BD54C3FA27651D460067F79D /* ClassificiationError.swift */,
				BD97F8D8273DA9DB00EDA6E1 /* PhotoPicker.swift */,
				BD086AE1273EE80700C7AA35 /* CameraPicker.swift */,
			);
			path = Classifier;
			sourceTree = "<group>";
		};
		BD086AE3273FEB6800C7AA35 /* Settings */ = {
			isa = PBXGroup;
			children = (
				BD07A9AA26F63E5200F7BAD0 /* QuestionStyleView.swift */,
				BD07A9AC26F7364000F7BAD0 /* FlagToNameStyle.swift */,
				BD07A9B026F738A800F7BAD0 /* NameToFlagStyle.swift */,
				BD07A9B326F7BCC200F7BAD0 /* ContinentsFilterView.swift */,
				BD58C0072700BF710002407C /* OtherSettingsView.swift */,
				BD58C0092700DDCE0002407C /* TimerView.swift */,
			);
			path = Settings;
			sourceTree = "<group>";
		};
		BD086AE4273FEB7200C7AA35 /* Progress */ = {
			isa = PBXGroup;
			children = (
				BD10FECC27160D2400E9AB79 /* ChartView.swift */,
				BD5E285E271B478F0004D32E /* FlowLayoutView.swift */,
				BD10FED22719544200E9AB79 /* LineChartShape.swift */,
				BDC36613275922F1000754C4 /* DataPoint.swift */,
			);
			path = Progress;
			sourceTree = "<group>";
		};
		BD086AE5273FEB8400C7AA35 /* Questions */ = {
			isa = PBXGroup;
			children = (
				BD2169A42709C8F70041BE71 /* LearnQuestionsView.swift */,
				BD25B3DF27039048006D157E /* FlagToNameQuestionView.swift */,
				BD6EDA7C270CD15E00E36998 /* NameToFlagQuestionView.swift */,
				BDC36619275A8060000754C4 /* LearnQuestionsToolbar.swift */,
			);
			path = Questions;
			sourceTree = "<group>";
		};
		BD086AE6273FEB8F00C7AA35 /* Summary */ = {
			isa = PBXGroup;
			children = (
				BD6EDA7A270CAA3C00E36998 /* LearnQuestionsSummary.swift */,
				BDC3661D275B6C15000754C4 /* TrimmedProgressCircle.swift */,
				BDB29C43273C3D5E0093092A /* QuestionSummaryList.swift */,
				BDCE689B270ECD55004D414A /* QuestionsSummarySegmentedControl.swift */,
				BDE3CF1F2711F1F200067105 /* QuestionSummaryCategory.swift */,
			);
			path = Summary;
			sourceTree = "<group>";
		};
		BD3D196426E50E6200400886 /* Map */ = {
			isa = PBXGroup;
			children = (
				BD9CE41D26EE78BD00BEA927 /* FlagsMapView.swift */,
				BD4A2D24275D2897008B2165 /* FlagsMapOverlayButtons.swift */,
				BD4A2D26275D28AF008B2165 /* MapType.swift */,
				BD7B196426DB8449004F3643 /* MapView.swift */,
				BD9CE41926EE786300BEA927 /* FlagAnnotationView.swift */,
				BD9CE41B26EE789000BEA927 /* FlagClusterAnnotationView.swift */,
				BD62FC0326DE13C10058EEE6 /* FlagView.swift */,
				BD994F532755641900DC9419 /* FlagDelegate.swift */,
			);
			path = Map;
			sourceTree = "<group>";
		};
		BD3D196526E50E6B00400886 /* Learn */ = {
			isa = PBXGroup;
			children = (
				BD1AB90326E3A61C00C38D33 /* LearnView.swift */,
				BD086AE3273FEB6800C7AA35 /* Settings */,
				BD086AE4273FEB7200C7AA35 /* Progress */,
				BD086AE5273FEB8400C7AA35 /* Questions */,
				BD086AE6273FEB8F00C7AA35 /* Summary */,
			);
			path = Learn;
			sourceTree = "<group>";
		};
		BD3D196626E50E7200400886 /* Countries */ = {
			isa = PBXGroup;
			children = (
				BD7B196626DD4F92004F3643 /* FlagsGridView.swift */,
				BDF43C8F26EE479400D21B9F /* FlagGridItem.swift */,
				BD3D196A26E51E3300400886 /* CountryView.swift */,
				BDF43C9326EE629900D21B9F /* InformationRowView.swift */,
			);
			path = Countries;
			sourceTree = "<group>";
		};
		BD3D196726E50E8000400886 /* Extensions */ = {
			isa = PBXGroup;
			children = (
				BD25B3E1270875E3006D157E /* Comparable+Clamp.swift */,
				BDC3661B275AA800000754C4 /* Collection+RandomSample.swift */,
				BD1AB90126E3A30B00C38D33 /* Bundle+DecodeJSON.swift */,
				BD3D196826E5165F00400886 /* Coordinate+Decodable.swift */,
				BDF43C9126EE55B800D21B9F /* ShapeStyle+Background.swift */,
				BD25B3DD27038661006D157E /* Image+Checkmarks.swift */,
				BD9CE41526EE72FA00BEA927 /* View+SizeChange.swift */,
				BDC3661527592319000754C4 /* View+ForegroundStyleDisabled.swift */,
				BDC36617275924A3000754C4 /* View+RedactedCondition.swift */,
				BD54C402276620870067F79D /* View+AspectRatioOptions.swift */,
			);
			path = Extensions;
			sourceTree = "<group>";
		};
		BD46D68826E7DA620073FCF2 /* Custom */ = {
			isa = PBXGroup;
			children = (
				BD994F572757572100DC9419 /* AsyncFlagImage.swift */,
				BD994F552756B36E00DC9419 /* CloseButton.swift */,
				BD46D68626E7D8CB0073FCF2 /* ListRowButtonStyle.swift */,
				BD2169A02708DC980041BE71 /* AnswerOptionButtonStyle.swift */,
				BD10FECE27172F2E00E9AB79 /* BorderedButtonToggleStyle.swift */,
				BD221CBD27516B94000CF063 /* RoundedCornerRectangle.swift */,
				BD5B97A327419D1F0022484A /* CountdownTimerFormatStyle.swift */,
				BDC3661F275BD119000754C4 /* CoordinateFormatStyle.swift */,
			);
			path = Custom;
			sourceTree = "<group>";
		};
		BD5A20F926D8FABA0025CCF3 = {
			isa = PBXGroup;
			children = (
				BD5A210426D8FABA0025CCF3 /* Flagzilla */,
				BD5A210326D8FABA0025CCF3 /* Products */,
			);
			sourceTree = "<group>";
		};
		BD5A210326D8FABA0025CCF3 /* Products */ = {
			isa = PBXGroup;
			children = (
				BD5A210226D8FABA0025CCF3 /* Flagzilla.app */,
			);
			name = Products;
			sourceTree = "<group>";
		};
		BD5A210426D8FABA0025CCF3 /* Flagzilla */ = {
			isa = PBXGroup;
			children = (
				BD5A210526D8FABA0025CCF3 /* FlagzillaApp.swift */,
				BD5A210726D8FABA0025CCF3 /* ContentView.swift */,
				BDE3CF212712116400067105 /* Tab.swift */,
				BD3D196626E50E7200400886 /* Countries */,
				BD3D196426E50E6200400886 /* Map */,
				BD07A9B226F7B6F600F7BAD0 /* Classifier */,
				BD3D196526E50E6B00400886 /* Learn */,
				BD46D68826E7DA620073FCF2 /* Custom */,
				BD3D196726E50E8000400886 /* Extensions */,
				BDB1964626E676E1001DC31F /* Models */,
				BD5A210926D8FABB0025CCF3 /* Assets.xcassets */,
				BD3871562753A99D00690BB2 /* FlagClassifier.mlmodel */,
				BDCF63C926DA6BD000E4E4E6 /* countries.json */,
				BDF43C8E26EE43AF00D21B9F /* Localizable.stringsdict */,
				BDF43C9626EE64BB00D21B9F /* Info.plist */,
				BD5A210B26D8FABB0025CCF3 /* Preview Content */,
			);
			path = Flagzilla;
			sourceTree = "<group>";
		};
		BD5A210B26D8FABB0025CCF3 /* Preview Content */ = {
			isa = PBXGroup;
			children = (
				BD5A210C26D8FABB0025CCF3 /* Preview Assets.xcassets */,
			);
			path = "Preview Content";
			sourceTree = "<group>";
		};
		BDB1964626E676E1001DC31F /* Models */ = {
			isa = PBXGroup;
			children = (
				BD54C3FE2765FEA30067F79D /* FlagImageClassifier.swift */,
				BD07A9A626F4DE1000F7BAD0 /* LearnSettings.swift */,
				BD2169A22708E2D20041BE71 /* LearnProgress.swift */,
				BD10FED02717591500E9AB79 /* SavedProgress.swift */,
				BDAC7AC3270B746C00EFE49D /* Question.swift */,
				BDCF63C726D93BBA00E4E4E6 /* Country.swift */,
				BD07A9A826F62C4B00F7BAD0 /* Continents.swift */,
				BD9CE41726EE735200BEA927 /* FlagAnnotation.swift */,
			);
			path = Models;
			sourceTree = "<group>";
		};
/* End PBXGroup section */

/* Begin PBXNativeTarget section */
		BD5A210126D8FABA0025CCF3 /* Flagzilla */ = {
			isa = PBXNativeTarget;
			buildConfigurationList = BD5A211026D8FABB0025CCF3 /* Build configuration list for PBXNativeTarget "Flagzilla" */;
			buildPhases = (
				BD5A20FE26D8FABA0025CCF3 /* Sources */,
				BD5A20FF26D8FABA0025CCF3 /* Frameworks */,
				BD5A210026D8FABA0025CCF3 /* Resources */,
			);
			buildRules = (
			);
			dependencies = (
			);
			name = Flagzilla;
			productName = Flagzilla;
			productReference = BD5A210226D8FABA0025CCF3 /* Flagzilla.app */;
			productType = "com.apple.product-type.application";
		};
/* End PBXNativeTarget section */

/* Begin PBXProject section */
		BD5A20FA26D8FABA0025CCF3 /* Project object */ = {
			isa = PBXProject;
			attributes = {
				BuildIndependentTargetsInParallel = 1;
				LastSwiftUpdateCheck = 1300;
				LastUpgradeCheck = 1300;
				TargetAttributes = {
					BD5A210126D8FABA0025CCF3 = {
						CreatedOnToolsVersion = 13.0;
					};
				};
			};
			buildConfigurationList = BD5A20FD26D8FABA0025CCF3 /* Build configuration list for PBXProject "Flagzilla" */;
			compatibilityVersion = "Xcode 13.0";
			developmentRegion = en;
			hasScannedForEncodings = 0;
			knownRegions = (
				en,
				Base,
			);
			mainGroup = BD5A20F926D8FABA0025CCF3;
			productRefGroup = BD5A210326D8FABA0025CCF3 /* Products */;
			projectDirPath = "";
			projectRoot = "";
			targets = (
				BD5A210126D8FABA0025CCF3 /* Flagzilla */,
			);
		};
/* End PBXProject section */

/* Begin PBXResourcesBuildPhase section */
		BD5A210026D8FABA0025CCF3 /* Resources */ = {
			isa = PBXResourcesBuildPhase;
			buildActionMask = 2147483647;
			files = (
				BDCF63CA26DA6BD000E4E4E6 /* countries.json in Resources */,
				BDF43C8C26EE43AF00D21B9F /* Localizable.stringsdict in Resources */,
				BDE3CF242715F76100067105 /* Assets.xcassets in Resources */,
				BD5A210D26D8FABB0025CCF3 /* Preview Assets.xcassets in Resources */,
			);
			runOnlyForDeploymentPostprocessing = 0;
		};
/* End PBXResourcesBuildPhase section */

/* Begin PBXSourcesBuildPhase section */
		BD5A20FE26D8FABA0025CCF3 /* Sources */ = {
			isa = PBXSourcesBuildPhase;
			buildActionMask = 2147483647;
			files = (
				BD58C0082700BF710002407C /* OtherSettingsView.swift in Sources */,
				BD6EDA7B270CAA3C00E36998 /* LearnQuestionsSummary.swift in Sources */,
				BDF43C9226EE55B800D21B9F /* ShapeStyle+Background.swift in Sources */,
				BD9CE41E26EE78BD00BEA927 /* FlagsMapView.swift in Sources */,
				BD086AE2273EE80700C7AA35 /* CameraPicker.swift in Sources */,
				BDF43C9426EE629900D21B9F /* InformationRowView.swift in Sources */,
				BD5A210826D8FABA0025CCF3 /* ContentView.swift in Sources */,
				BDCE689C270ECD55004D414A /* QuestionsSummarySegmentedControl.swift in Sources */,
				BD6EDA7D270CD15E00E36998 /* NameToFlagQuestionView.swift in Sources */,
				BDAC7AC4270B746C00EFE49D /* Question.swift in Sources */,
				BD221CBE27516B94000CF063 /* RoundedCornerRectangle.swift in Sources */,
				BD07A9AB26F63E5200F7BAD0 /* QuestionStyleView.swift in Sources */,
				BD10FED32719544200E9AB79 /* LineChartShape.swift in Sources */,
				BD10FECF27172F2E00E9AB79 /* BorderedButtonToggleStyle.swift in Sources */,
				BD10FED12717591500E9AB79 /* SavedProgress.swift in Sources */,
				BD7B196526DB8449004F3643 /* MapView.swift in Sources */,
				BD5E285F271B478F0004D32E /* FlowLayoutView.swift in Sources */,
				BDCF63C826D93BBA00E4E4E6 /* Country.swift in Sources */,
				BD54C3FF2765FEA30067F79D /* FlagImageClassifier.swift in Sources */,
				BD1AB90226E3A30B00C38D33 /* Bundle+DecodeJSON.swift in Sources */,
				BDC3661627592319000754C4 /* View+ForegroundStyleDisabled.swift in Sources */,
				BD54C3FB27651D460067F79D /* ClassificiationError.swift in Sources */,
				BD07A9A726F4DE1000F7BAD0 /* LearnSettings.swift in Sources */,
				BD5A210626D8FABA0025CCF3 /* FlagzillaApp.swift in Sources */,
				BD9CE41A26EE786300BEA927 /* FlagAnnotationView.swift in Sources */,
				BD994F542755641900DC9419 /* FlagDelegate.swift in Sources */,
				BD25B3E2270875E3006D157E /* Comparable+Clamp.swift in Sources */,
				BDF43C9026EE479400D21B9F /* FlagGridItem.swift in Sources */,
				BD994F562756B36E00DC9419 /* CloseButton.swift in Sources */,
				BD62FC0426DE13C10058EEE6 /* FlagView.swift in Sources */,
				BDC36614275922F1000754C4 /* DataPoint.swift in Sources */,
				BD5B97A427419D1F0022484A /* CountdownTimerFormatStyle.swift in Sources */,
				BD2169A12708DC980041BE71 /* AnswerOptionButtonStyle.swift in Sources */,
				BD7B196726DD4F92004F3643 /* FlagsGridView.swift in Sources */,
				BD9CE41C26EE789000BEA927 /* FlagClusterAnnotationView.swift in Sources */,
				BD25B3E027039048006D157E /* FlagToNameQuestionView.swift in Sources */,
				BD3D196926E5165F00400886 /* Coordinate+Decodable.swift in Sources */,
				BD97F8D9273DA9DB00EDA6E1 /* PhotoPicker.swift in Sources */,
				BD9CE41826EE735200BEA927 /* FlagAnnotation.swift in Sources */,
				BD9CE41626EE72FA00BEA927 /* View+SizeChange.swift in Sources */,
				BDE3CF202711F1F200067105 /* QuestionSummaryCategory.swift in Sources */,
				BD54C403276620870067F79D /* View+AspectRatioOptions.swift in Sources */,
				BD3871572753A99D00690BB2 /* FlagClassifier.mlmodel in Sources */,
				BD54C3FD2765FCA00067F79D /* ClassificationImagePreview.swift in Sources */,
				BD994F582757572100DC9419 /* AsyncFlagImage.swift in Sources */,
				BDE3CF222712116400067105 /* Tab.swift in Sources */,
				BDEAE3A026ECF65B00A77183 /* FlagClassifierView.swift in Sources */,
				BDC3661E275B6C15000754C4 /* TrimmedProgressCircle.swift in Sources */,
				BD4A2D27275D28AF008B2165 /* MapType.swift in Sources */,
				BD2169A32708E2D20041BE71 /* LearnProgress.swift in Sources */,
				BD1AB90426E3A61C00C38D33 /* LearnView.swift in Sources */,
				BDC3661C275AA800000754C4 /* Collection+RandomSample.swift in Sources */,
				BD3D196B26E51E3300400886 /* CountryView.swift in Sources */,
				BD46D68726E7D8CB0073FCF2 /* ListRowButtonStyle.swift in Sources */,
				BDC3661A275A8060000754C4 /* LearnQuestionsToolbar.swift in Sources */,
				BD58C00A2700DDCE0002407C /* TimerView.swift in Sources */,
				BDB29C44273C3D5E0093092A /* QuestionSummaryList.swift in Sources */,
				BD07A9B126F738A800F7BAD0 /* NameToFlagStyle.swift in Sources */,
				BDC36620275BD119000754C4 /* CoordinateFormatStyle.swift in Sources */,
				BDC36618275924A3000754C4 /* View+RedactedCondition.swift in Sources */,
				BD2169A52709C8F70041BE71 /* LearnQuestionsView.swift in Sources */,
				BD07A9A926F62C4B00F7BAD0 /* Continents.swift in Sources */,
				BD54C40127661D640067F79D /* ImageComparisonView.swift in Sources */,
				BD25B3DE27038661006D157E /* Image+Checkmarks.swift in Sources */,
				BD10FECD27160D2400E9AB79 /* ChartView.swift in Sources */,
				BD07A9B426F7BCC200F7BAD0 /* ContinentsFilterView.swift in Sources */,
				BD07A9AD26F7364000F7BAD0 /* FlagToNameStyle.swift in Sources */,
				BD4A2D25275D2897008B2165 /* FlagsMapOverlayButtons.swift in Sources */,
			);
			runOnlyForDeploymentPostprocessing = 0;
		};
/* End PBXSourcesBuildPhase section */

/* Begin PBXVariantGroup section */
		BDF43C8E26EE43AF00D21B9F /* Localizable.stringsdict */ = {
			isa = PBXVariantGroup;
			children = (
				BDF43C8D26EE43AF00D21B9F /* en */,
			);
			name = Localizable.stringsdict;
			sourceTree = "<group>";
		};
/* End PBXVariantGroup section */

/* Begin XCBuildConfiguration section */
		BD5A210E26D8FABB0025CCF3 /* Debug */ = {
			isa = XCBuildConfiguration;
			buildSettings = {
				ALWAYS_SEARCH_USER_PATHS = NO;
				CLANG_ANALYZER_NONNULL = YES;
				CLANG_ANALYZER_NUMBER_OBJECT_CONVERSION = YES_AGGRESSIVE;
				CLANG_CXX_LANGUAGE_STANDARD = "compiler-default";
				CLANG_CXX_LIBRARY = "compiler-default";
				CLANG_ENABLE_MODULES = YES;
				CLANG_ENABLE_OBJC_ARC = YES;
				CLANG_ENABLE_OBJC_WEAK = YES;
				CLANG_WARN_BLOCK_CAPTURE_AUTORELEASING = YES;
				CLANG_WARN_BOOL_CONVERSION = YES;
				CLANG_WARN_COMMA = YES;
				CLANG_WARN_CONSTANT_CONVERSION = YES;
				CLANG_WARN_DEPRECATED_OBJC_IMPLEMENTATIONS = YES;
				CLANG_WARN_DIRECT_OBJC_ISA_USAGE = YES_ERROR;
				CLANG_WARN_DOCUMENTATION_COMMENTS = YES;
				CLANG_WARN_EMPTY_BODY = YES;
				CLANG_WARN_ENUM_CONVERSION = YES;
				CLANG_WARN_INFINITE_RECURSION = YES;
				CLANG_WARN_INT_CONVERSION = YES;
				CLANG_WARN_NON_LITERAL_NULL_CONVERSION = YES;
				CLANG_WARN_OBJC_IMPLICIT_RETAIN_SELF = YES;
				CLANG_WARN_OBJC_LITERAL_CONVERSION = YES;
				CLANG_WARN_OBJC_ROOT_CLASS = YES_ERROR;
				CLANG_WARN_QUOTED_INCLUDE_IN_FRAMEWORK_HEADER = YES;
				CLANG_WARN_RANGE_LOOP_ANALYSIS = YES;
				CLANG_WARN_STRICT_PROTOTYPES = YES;
				CLANG_WARN_SUSPICIOUS_MOVE = YES;
				CLANG_WARN_UNGUARDED_AVAILABILITY = YES_AGGRESSIVE;
				CLANG_WARN_UNREACHABLE_CODE = YES;
				CLANG_WARN__DUPLICATE_METHOD_MATCH = YES;
				COPY_PHASE_STRIP = NO;
				DEBUG_INFORMATION_FORMAT = dwarf;
				ENABLE_STRICT_OBJC_MSGSEND = YES;
				ENABLE_TESTABILITY = YES;
				GCC_C_LANGUAGE_STANDARD = gnu11;
				GCC_DYNAMIC_NO_PIC = NO;
				GCC_NO_COMMON_BLOCKS = YES;
				GCC_OPTIMIZATION_LEVEL = 0;
				GCC_PREPROCESSOR_DEFINITIONS = (
					"DEBUG=1",
					"$(inherited)",
				);
				GCC_WARN_64_TO_32_BIT_CONVERSION = YES;
				GCC_WARN_ABOUT_RETURN_TYPE = YES_ERROR;
				GCC_WARN_UNDECLARED_SELECTOR = YES;
				GCC_WARN_UNINITIALIZED_AUTOS = YES_AGGRESSIVE;
				GCC_WARN_UNUSED_FUNCTION = YES;
				GCC_WARN_UNUSED_VARIABLE = YES;
				IPHONEOS_DEPLOYMENT_TARGET = 15.0;
				MTL_ENABLE_DEBUG_INFO = INCLUDE_SOURCE;
				MTL_FAST_MATH = YES;
				ONLY_ACTIVE_ARCH = YES;
				SDKROOT = iphoneos;
				SWIFT_ACTIVE_COMPILATION_CONDITIONS = DEBUG;
				SWIFT_OPTIMIZATION_LEVEL = "-Onone";
			};
			name = Debug;
		};
		BD5A210F26D8FABB0025CCF3 /* Release */ = {
			isa = XCBuildConfiguration;
			buildSettings = {
				ALWAYS_SEARCH_USER_PATHS = NO;
				CLANG_ANALYZER_NONNULL = YES;
				CLANG_ANALYZER_NUMBER_OBJECT_CONVERSION = YES_AGGRESSIVE;
				CLANG_CXX_LANGUAGE_STANDARD = "compiler-default";
				CLANG_CXX_LIBRARY = "compiler-default";
				CLANG_ENABLE_MODULES = YES;
				CLANG_ENABLE_OBJC_ARC = YES;
				CLANG_ENABLE_OBJC_WEAK = YES;
				CLANG_WARN_BLOCK_CAPTURE_AUTORELEASING = YES;
				CLANG_WARN_BOOL_CONVERSION = YES;
				CLANG_WARN_COMMA = YES;
				CLANG_WARN_CONSTANT_CONVERSION = YES;
				CLANG_WARN_DEPRECATED_OBJC_IMPLEMENTATIONS = YES;
				CLANG_WARN_DIRECT_OBJC_ISA_USAGE = YES_ERROR;
				CLANG_WARN_DOCUMENTATION_COMMENTS = YES;
				CLANG_WARN_EMPTY_BODY = YES;
				CLANG_WARN_ENUM_CONVERSION = YES;
				CLANG_WARN_INFINITE_RECURSION = YES;
				CLANG_WARN_INT_CONVERSION = YES;
				CLANG_WARN_NON_LITERAL_NULL_CONVERSION = YES;
				CLANG_WARN_OBJC_IMPLICIT_RETAIN_SELF = YES;
				CLANG_WARN_OBJC_LITERAL_CONVERSION = YES;
				CLANG_WARN_OBJC_ROOT_CLASS = YES_ERROR;
				CLANG_WARN_QUOTED_INCLUDE_IN_FRAMEWORK_HEADER = YES;
				CLANG_WARN_RANGE_LOOP_ANALYSIS = YES;
				CLANG_WARN_STRICT_PROTOTYPES = YES;
				CLANG_WARN_SUSPICIOUS_MOVE = YES;
				CLANG_WARN_UNGUARDED_AVAILABILITY = YES_AGGRESSIVE;
				CLANG_WARN_UNREACHABLE_CODE = YES;
				CLANG_WARN__DUPLICATE_METHOD_MATCH = YES;
				COPY_PHASE_STRIP = NO;
				DEBUG_INFORMATION_FORMAT = "dwarf-with-dsym";
				ENABLE_NS_ASSERTIONS = NO;
				ENABLE_STRICT_OBJC_MSGSEND = YES;
				GCC_C_LANGUAGE_STANDARD = gnu11;
				GCC_NO_COMMON_BLOCKS = YES;
				GCC_WARN_64_TO_32_BIT_CONVERSION = YES;
				GCC_WARN_ABOUT_RETURN_TYPE = YES_ERROR;
				GCC_WARN_UNDECLARED_SELECTOR = YES;
				GCC_WARN_UNINITIALIZED_AUTOS = YES_AGGRESSIVE;
				GCC_WARN_UNUSED_FUNCTION = YES;
				GCC_WARN_UNUSED_VARIABLE = YES;
				IPHONEOS_DEPLOYMENT_TARGET = 15.0;
				MTL_ENABLE_DEBUG_INFO = NO;
				MTL_FAST_MATH = YES;
				SDKROOT = iphoneos;
				SWIFT_COMPILATION_MODE = wholemodule;
				SWIFT_OPTIMIZATION_LEVEL = "-O";
				VALIDATE_PRODUCT = YES;
			};
			name = Release;
		};
		BD5A211126D8FABB0025CCF3 /* Debug */ = {
			isa = XCBuildConfiguration;
			buildSettings = {
				ASSETCATALOG_COMPILER_APPICON_NAME = AppIcon;
				ASSETCATALOG_COMPILER_GLOBAL_ACCENT_COLOR_NAME = AccentColor;
				ASSETCATALOG_COMPILER_INCLUDE_ALL_APPICON_ASSETS = NO;
				CODE_SIGN_STYLE = Automatic;
				CURRENT_PROJECT_VERSION = 1;
				DEVELOPMENT_ASSET_PATHS = "\"Flagzilla/Preview Content\"";
				DEVELOPMENT_TEAM = CZK97YC4GP;
				ENABLE_PREVIEWS = YES;
				GENERATE_INFOPLIST_FILE = YES;
				INFOPLIST_FILE = Flagzilla/Info.plist;
				INFOPLIST_KEY_NSCameraUsageDescription = "Allows you to take a photo of a flag that you wish to be classified.";
				INFOPLIST_KEY_NSPhotoLibraryUsageDescription = "Allows you to select a photo of a flag that you wish to be classified.";
				INFOPLIST_KEY_UIApplicationSceneManifest_Generation = YES;
				INFOPLIST_KEY_UIApplicationSupportsIndirectInputEvents = YES;
				INFOPLIST_KEY_UISupportedInterfaceOrientations = UIInterfaceOrientationPortrait;
				INFOPLIST_KEY_UISupportedInterfaceOrientations_iPad = "UIInterfaceOrientationPortrait UIInterfaceOrientationPortraitUpsideDown UIInterfaceOrientationLandscapeLeft UIInterfaceOrientationLandscapeRight";
				INFOPLIST_KEY_UISupportedInterfaceOrientations_iPhone = "UIInterfaceOrientationPortrait UIInterfaceOrientationLandscapeLeft UIInterfaceOrientationLandscapeRight";
				IPHONEOS_DEPLOYMENT_TARGET = 15.0;
				LD_RUNPATH_SEARCH_PATHS = (
					"$(inherited)",
					"@executable_path/Frameworks",
				);
				MARKETING_VERSION = 1.0;
				PRODUCT_BUNDLE_IDENTIFIER = com.njansari.Flagzilla;
				PRODUCT_NAME = "$(TARGET_NAME)";
				SWIFT_EMIT_LOC_STRINGS = YES;
				SWIFT_VERSION = 5.0;
				TARGETED_DEVICE_FAMILY = 1;
			};
			name = Debug;
		};
		BD5A211226D8FABB0025CCF3 /* Release */ = {
			isa = XCBuildConfiguration;
			buildSettings = {
				ASSETCATALOG_COMPILER_APPICON_NAME = AppIcon;
				ASSETCATALOG_COMPILER_GLOBAL_ACCENT_COLOR_NAME = AccentColor;
				ASSETCATALOG_COMPILER_INCLUDE_ALL_APPICON_ASSETS = NO;
				CODE_SIGN_STYLE = Automatic;
				CURRENT_PROJECT_VERSION = 1;
				DEVELOPMENT_ASSET_PATHS = "\"Flagzilla/Preview Content\"";
				DEVELOPMENT_TEAM = CZK97YC4GP;
				ENABLE_PREVIEWS = YES;
				GENERATE_INFOPLIST_FILE = YES;
				INFOPLIST_FILE = Flagzilla/Info.plist;
				INFOPLIST_KEY_NSCameraUsageDescription = "Allows you to take a photo of a flag that you wish to be classified.";
				INFOPLIST_KEY_NSPhotoLibraryUsageDescription = "Allows you to select a photo of a flag that you wish to be classified.";
				INFOPLIST_KEY_UIApplicationSceneManifest_Generation = YES;
				INFOPLIST_KEY_UIApplicationSupportsIndirectInputEvents = YES;
				INFOPLIST_KEY_UISupportedInterfaceOrientations = UIInterfaceOrientationPortrait;
				INFOPLIST_KEY_UISupportedInterfaceOrientations_iPad = "UIInterfaceOrientationPortrait UIInterfaceOrientationPortraitUpsideDown UIInterfaceOrientationLandscapeLeft UIInterfaceOrientationLandscapeRight";
				INFOPLIST_KEY_UISupportedInterfaceOrientations_iPhone = "UIInterfaceOrientationPortrait UIInterfaceOrientationLandscapeLeft UIInterfaceOrientationLandscapeRight";
				IPHONEOS_DEPLOYMENT_TARGET = 15.0;
				LD_RUNPATH_SEARCH_PATHS = (
					"$(inherited)",
					"@executable_path/Frameworks",
				);
				MARKETING_VERSION = 1.0;
				PRODUCT_BUNDLE_IDENTIFIER = com.njansari.Flagzilla;
				PRODUCT_NAME = "$(TARGET_NAME)";
				SWIFT_EMIT_LOC_STRINGS = YES;
				SWIFT_VERSION = 5.0;
				TARGETED_DEVICE_FAMILY = 1;
			};
			name = Release;
		};
/* End XCBuildConfiguration section */

/* Begin XCConfigurationList section */
		BD5A20FD26D8FABA0025CCF3 /* Build configuration list for PBXProject "Flagzilla" */ = {
			isa = XCConfigurationList;
			buildConfigurations = (
				BD5A210E26D8FABB0025CCF3 /* Debug */,
				BD5A210F26D8FABB0025CCF3 /* Release */,
			);
			defaultConfigurationIsVisible = 0;
			defaultConfigurationName = Release;
		};
		BD5A211026D8FABB0025CCF3 /* Build configuration list for PBXNativeTarget "Flagzilla" */ = {
			isa = XCConfigurationList;
			buildConfigurations = (
				BD5A211126D8FABB0025CCF3 /* Debug */,
				BD5A211226D8FABB0025CCF3 /* Release */,
			);
			defaultConfigurationIsVisible = 0;
			defaultConfigurationName = Release;
		};
/* End XCConfigurationList section */
	};
	rootObject = BD5A20FA26D8FABA0025CCF3 /* Project object */;
}
